
Microsoft Visual Studio Solution File, Format Version 12.00
# Visual Studio 15
VisualStudioVersion = 15.0.26124.0
MinimumVisualStudioVersion = 15.0.26124.0
Project("{2150E333-8FDC-42A3-9474-1A3956D46DE8}") = "src", "src", "{02843366-066F-4C35-B142-4EC3906BB882}"
EndProject
Project("{FAE04EC0-301F-11D3-BF4B-00C04F79EFBC}") = "GradeBook", "src\GradeBook\GradeBook.csproj", "{87288F25-41AC-4746-A193-96CB50CC1484}"
EndProject
Project("{2150E333-8FDC-42A3-9474-1A3956D46DE8}") = "test", "test", "{BD61324D-2BD3-4169-AEF3-F48EDFD3C41C}"
EndProject
Project("{FAE04EC0-301F-11D3-BF4B-00C04F79EFBC}") = "test", "test\GradeBook.Tests\test.csproj", "{7ECD61D8-4D5A-4C0A-9D3F-3630B871595E}"
EndProject
Global
	GlobalSection(SolutionConfigurationPlatforms) = preSolution
		Debug|Any CPU = Debug|Any CPU
		Debug|x64 = Debug|x64
		Debug|x86 = Debug|x86
		Release|Any CPU = Release|Any CPU
		Release|x64 = Release|x64
		Release|x86 = Release|x86
	EndGlobalSection
	GlobalSection(SolutionProperties) = preSolution
		HideSolutionNode = FALSE
	EndGlobalSection
	GlobalSection(ProjectConfigurationPlatforms) = postSolution
		{87288F25-41AC-4746-A193-96CB50CC1484}.Debug|Any CPU.ActiveCfg = Debug|Any CPU
		{87288F25-41AC-4746-A193-96CB50CC1484}.Debug|Any CPU.Build.0 = Debug|Any CPU
		{87288F25-41AC-4746-A193-96CB50CC1484}.Debug|x64.ActiveCfg = Debug|Any CPU
		{87288F25-41AC-4746-A193-96CB50CC1484}.Debug|x64.Build.0 = Debug|Any CPU
		{87288F25-41AC-4746-A193-96CB50CC1484}.Debug|x86.ActiveCfg = Debug|Any CPU
		{87288F25-41AC-4746-A193-96CB50CC1484}.Debug|x86.Build.0 = Debug|Any CPU
		{87288F25-41AC-4746-A193-96CB50CC1484}.Release|Any CPU.ActiveCfg = Release|Any CPU
		{87288F25-41AC-4746-A193-96CB50CC1484}.Release|Any CPU.Build.0 = Release|Any CPU
		{87288F25-41AC-4746-A193-96CB50CC1484}.Release|x64.ActiveCfg = Release|Any CPU
		{87288F25-41AC-4746-A193-96CB50CC1484}.Release|x64.Build.0 = Release|Any CPU
		{87288F25-41AC-4746-A193-96CB50CC1484}.Release|x86.ActiveCfg = Release|Any CPU
		{87288F25-41AC-4746-A193-96CB50CC1484}.Release|x86.Build.0 = Release|Any CPU
		{7ECD61D8-4D5A-4C0A-9D3F-3630B871595E}.Debug|Any CPU.ActiveCfg = Debug|Any CPU
		{7ECD61D8-4D5A-4C0A-9D3F-3630B871595E}.Debug|Any CPU.Build.0 = Debug|Any CPU
		{7ECD61D8-4D5A-4C0A-9D3F-3630B871595E}.Debug|x64.ActiveCfg = Debug|Any CPU
		{7ECD61D8-4D5A-4C0A-9D3F-3630B871595E}.Debug|x64.Build.0 = Debug|Any CPU
		{7ECD61D8-4D5A-4C0A-9D3F-3630B871595E}.Debug|x86.ActiveCfg = Debug|Any CPU
		{7ECD61D8-4D5A-4C0A-9D3F-3630B871595E}.Debug|x86.Build.0 = Debug|Any CPU
		{7ECD61D8-4D5A-4C0A-9D3F-3630B871595E}.Release|Any CPU.ActiveCfg = Release|Any CPU
		{7ECD61D8-4D5A-4C0A-9D3F-3630B871595E}.Release|Any CPU.Build.0 = Release|Any CPU
		{7ECD61D8-4D5A-4C0A-9D3F-3630B871595E}.Release|x64.ActiveCfg = Release|Any CPU
		{7ECD61D8-4D5A-4C0A-9D3F-3630B871595E}.Release|x64.Build.0 = Release|Any CPU
		{7ECD61D8-4D5A-4C0A-9D3F-3630B871595E}.Release|x86.ActiveCfg = Release|Any CPU
		{7ECD61D8-4D5A-4C0A-9D3F-3630B871595E}.Release|x86.Build.0 = Release|Any CPU
	EndGlobalSection
	GlobalSection(NestedProjects) = preSolution
		{87288F25-41AC-4746-A193-96CB50CC1484} = {02843366-066F-4C35-B142-4EC3906BB882}
		{7ECD61D8-4D5A-4C0A-9D3F-3630B871595E} = {BD61324D-2BD3-4169-AEF3-F48EDFD3C41C}
	EndGlobalSection
EndGlobal
